
Microsoft Visual Studio Solution File, Format Version 12.00
# Visual Studio Version 17
VisualStudioVersion = 17.13.35913.81 d17.13
MinimumVisualStudioVersion = 10.0.40219.1
Project("{FAE04EC0-301F-11D3-BF4B-00C04F79EFBC}") = "mikel", "mikel\mikel.csproj", "{D76C3FA9-AFB3-45DF-8580-B8416588124D}"
EndProject
Global
	GlobalSection(SolutionConfigurationPlatforms) = preSolution
		Debug|Any CPU = Debug|Any CPU
		Release|Any CPU = Release|Any CPU
	EndGlobalSection
	GlobalSection(ProjectConfigurationPlatforms) = postSolution
		{D76C3FA9-AFB3-45DF-8580-B8416588124D}.Debug|Any CPU.ActiveCfg = Debug|Any CPU
		{D76C3FA9-AFB3-45DF-8580-B8416588124D}.Debug|Any CPU.Build.0 = Debug|Any CPU
		{D76C3FA9-AFB3-45DF-8580-B8416588124D}.Release|Any CPU.ActiveCfg = Release|Any CPU
		{D76C3FA9-AFB3-45DF-8580-B8416588124D}.Release|Any CPU.Build.0 = Release|Any CPU
	EndGlobalSection
	GlobalSection(SolutionProperties) = preSolution
		HideSolutionNode = FALSE
	EndGlobalSection
	GlobalSection(ExtensibilityGlobals) = postSolution
		SolutionGuid = {06282008-0371-42E1-9980-78791DB4659B}
	EndGlobalSection
EndGlobal
